{
  "version": 4,
  "terraform_version": "1.6.2",
  "serial": 16,
  "lineage": "7d8e89bb-8cc0-2c61-b2dc-03cba5d495fa",
  "outputs": {},
  "resources": [
    {
      "mode": "managed",
      "type": "azurerm_data_factory",
      "name": "az-tf-df-demo",
      "provider": "provider[\"registry.terraform.io/hashicorp/azurerm\"]",
      "instances": [
        {
          "schema_version": 2,
          "attributes": {
            "customer_managed_key_id": "",
            "customer_managed_key_identity_id": "",
            "github_configuration": [],
            "global_parameter": [],
            "id": "/subscriptions/15f1aaf3-10c8-43f5-931b-28a1f3232bbb/resourceGroups/az-tf-demo20/providers/Microsoft.DataFactory/factories/az-tf-df-demo20",
            "identity": [],
            "location": "eastus",
            "managed_virtual_network_enabled": false,
            "name": "az-tf-df-demo20",
            "public_network_enabled": true,
            "resource_group_name": "az-tf-demo20",
            "tags": {
              "environment": "production",
              "owner": "anshul_soni",
              "project": "az_tf_df"
            },
            "timeouts": null,
            "vsts_configuration": []
          },
          "sensitive_attributes": [],
          "private": "eyJlMmJmYjczMC1lY2FhLTExZTYtOGY4OC0zNDM2M2JjN2M0YzAiOnsiY3JlYXRlIjoxODAwMDAwMDAwMDAwLCJkZWxldGUiOjE4MDAwMDAwMDAwMDAsInJlYWQiOjMwMDAwMDAwMDAwMCwidXBkYXRlIjoxODAwMDAwMDAwMDAwfSwic2NoZW1hX3ZlcnNpb24iOiIyIn0=",
          "dependencies": [
            "azurerm_resource_group.az-tf-demo"
          ]
        }
      ]
    },
    {
      "mode": "managed",
      "type": "azurerm_mysql_database",
      "name": "az-tf-sql-db-demo",
      "provider": "provider[\"registry.terraform.io/hashicorp/azurerm\"]",
      "instances": [
        {
          "schema_version": 0,
          "attributes": {
            "charset": "utf8",
            "collation": "utf8_unicode_ci",
            "id": "/subscriptions/15f1aaf3-10c8-43f5-931b-28a1f3232bbb/resourceGroups/az-tf-demo20/providers/Microsoft.DBforMySQL/servers/az-tf-sql-server-demo20/databases/az-tf-sql-db-demo20",
            "name": "az-tf-sql-db-demo20",
            "resource_group_name": "az-tf-demo20",
            "server_name": "az-tf-sql-server-demo20",
            "timeouts": null
          },
          "sensitive_attributes": [],
          "private": "eyJlMmJmYjczMC1lY2FhLTExZTYtOGY4OC0zNDM2M2JjN2M0YzAiOnsiY3JlYXRlIjozNjAwMDAwMDAwMDAwLCJkZWxldGUiOjM2MDAwMDAwMDAwMDAsInJlYWQiOjMwMDAwMDAwMDAwMCwidXBkYXRlIjozNjAwMDAwMDAwMDAwfX0=",
          "dependencies": [
            "azurerm_mysql_server.az-tf-sql-server-demo",
            "azurerm_resource_group.az-tf-demo"
          ]
        }
      ]
    },
    {
      "mode": "managed",
      "type": "azurerm_mysql_server",
      "name": "az-tf-sql-server-demo",
      "provider": "provider[\"registry.terraform.io/hashicorp/azurerm\"]",
      "instances": [
        {
          "schema_version": 0,
          "attributes": {
            "administrator_login": "mysqladmin",
            "administrator_login_password": "Admin@123",
            "auto_grow_enabled": true,
            "backup_retention_days": 7,
            "create_mode": "Default",
            "creation_source_server_id": null,
            "fqdn": "az-tf-sql-server-demo20.mysql.database.azure.com",
            "geo_redundant_backup_enabled": true,
            "id": "/subscriptions/15f1aaf3-10c8-43f5-931b-28a1f3232bbb/resourceGroups/az-tf-demo20/providers/Microsoft.DBforMySQL/servers/az-tf-sql-server-demo20",
            "identity": [],
            "infrastructure_encryption_enabled": true,
            "location": "eastus",
            "name": "az-tf-sql-server-demo20",
            "public_network_access_enabled": true,
            "resource_group_name": "az-tf-demo20",
            "restore_point_in_time": null,
            "sku_name": "GP_Gen5_2",
            "ssl_enforcement_enabled": true,
            "ssl_minimal_tls_version_enforced": "TLS1_2",
            "storage_mb": 5120,
            "tags": {
              "environment": "production",
              "owner": "anshul_soni",
              "project": "az_tf_df"
            },
            "threat_detection_policy": [],
            "timeouts": null,
            "version": "5.7"
          },
          "sensitive_attributes": [],
          "private": "eyJlMmJmYjczMC1lY2FhLTExZTYtOGY4OC0zNDM2M2JjN2M0YzAiOnsiY3JlYXRlIjozNjAwMDAwMDAwMDAwLCJkZWxldGUiOjM2MDAwMDAwMDAwMDAsInJlYWQiOjMwMDAwMDAwMDAwMCwidXBkYXRlIjozNjAwMDAwMDAwMDAwfX0=",
          "dependencies": [
            "azurerm_resource_group.az-tf-demo"
          ]
        }
      ]
    },
    {
      "mode": "managed",
      "type": "azurerm_network_security_group",
      "name": "az-tf-nsg-demo",
      "provider": "provider[\"registry.terraform.io/hashicorp/azurerm\"]",
      "instances": [
        {
          "schema_version": 0,
          "attributes": {
            "id": "/subscriptions/15f1aaf3-10c8-43f5-931b-28a1f3232bbb/resourceGroups/az-tf-demo20/providers/Microsoft.Network/networkSecurityGroups/az-tf-nsg-demo20",
            "location": "eastus",
            "name": "az-tf-nsg-demo20",
            "resource_group_name": "az-tf-demo20",
            "security_rule": [],
            "tags": {
              "environment": "production",
              "owner": "anshul_soni",
              "project": "az_tf_df"
            },
            "timeouts": null
          },
          "sensitive_attributes": [],
          "private": "eyJlMmJmYjczMC1lY2FhLTExZTYtOGY4OC0zNDM2M2JjN2M0YzAiOnsiY3JlYXRlIjoxODAwMDAwMDAwMDAwLCJkZWxldGUiOjE4MDAwMDAwMDAwMDAsInJlYWQiOjMwMDAwMDAwMDAwMCwidXBkYXRlIjoxODAwMDAwMDAwMDAwfX0=",
          "dependencies": [
            "azurerm_resource_group.az-tf-demo"
          ]
        }
      ]
    },
    {
      "mode": "managed",
      "type": "azurerm_resource_group",
      "name": "az-tf-demo",
      "provider": "provider[\"registry.terraform.io/hashicorp/azurerm\"]",
      "instances": [
        {
          "schema_version": 0,
          "attributes": {
            "id": "/subscriptions/15f1aaf3-10c8-43f5-931b-28a1f3232bbb/resourceGroups/az-tf-demo20",
            "location": "eastus",
            "name": "az-tf-demo20",
            "tags": {
              "environment": "production",
              "owner": "anshul_soni",
              "project": "az_tf_df"
            },
            "timeouts": null
          },
          "sensitive_attributes": [],
          "private": "eyJlMmJmYjczMC1lY2FhLTExZTYtOGY4OC0zNDM2M2JjN2M0YzAiOnsiY3JlYXRlIjo1NDAwMDAwMDAwMDAwLCJkZWxldGUiOjU0MDAwMDAwMDAwMDAsInJlYWQiOjMwMDAwMDAwMDAwMCwidXBkYXRlIjo1NDAwMDAwMDAwMDAwfX0="
        }
      ]
    },
    {
      "mode": "managed",
      "type": "azurerm_storage_account",
      "name": "az-tf-sa-demo",
      "provider": "provider[\"registry.terraform.io/hashicorp/azurerm\"]",
      "instances": [
        {
          "schema_version": 3,
          "attributes": {
            "access_tier": "Hot",
            "account_kind": "StorageV2",
            "account_replication_type": "LRS",
            "account_tier": "Standard",
            "allow_nested_items_to_be_public": true,
            "azure_files_authentication": [],
            "blob_properties": [
              {
                "change_feed_enabled": false,
                "container_delete_retention_policy": [],
                "cors_rule": [],
                "default_service_version": "",
                "delete_retention_policy": [],
                "last_access_time_enabled": false,
                "versioning_enabled": false
              }
            ],
            "custom_domain": [],
            "customer_managed_key": [],
            "edge_zone": "",
            "enable_https_traffic_only": true,
            "id": "/subscriptions/15f1aaf3-10c8-43f5-931b-28a1f3232bbb/resourceGroups/az-tf-demo20/providers/Microsoft.Storage/storageAccounts/aztfsademo20",
            "identity": [],
            "infrastructure_encryption_enabled": false,
            "is_hns_enabled": false,
            "large_file_share_enabled": null,
            "location": "eastus",
            "min_tls_version": "TLS1_2",
            "name": "aztfsademo20",
            "network_rules": [
              {
                "bypass": [
                  "AzureServices"
                ],
                "default_action": "Allow",
                "ip_rules": [
                  "100.0.0.1"
                ],
                "private_link_access": [],
                "virtual_network_subnet_ids": [
                  "/subscriptions/15f1aaf3-10c8-43f5-931b-28a1f3232bbb/resourceGroups/az-tf-demo20/providers/Microsoft.Network/virtualNetworks/az-tf-vn-demo20/subnets/az-tf-sn-demo20"
                ]
              }
            ],
            "nfsv3_enabled": false,
            "primary_access_key": "4ZQwsLG1Zc1k7tPNVxyk7D0qCHqPuvdqHM2jXStDYq6RIq9qTfBTPffUV+LxwrfZ+fLriPlVdUYZ+AStqZHZiA==",
            "primary_blob_connection_string": "DefaultEndpointsProtocol=https;BlobEndpoint=https://aztfsademo20.blob.core.windows.net/;AccountName=aztfsademo20;AccountKey=4ZQwsLG1Zc1k7tPNVxyk7D0qCHqPuvdqHM2jXStDYq6RIq9qTfBTPffUV+LxwrfZ+fLriPlVdUYZ+AStqZHZiA==",
            "primary_blob_endpoint": "https://aztfsademo20.blob.core.windows.net/",
            "primary_blob_host": "aztfsademo20.blob.core.windows.net",
            "primary_connection_string": "DefaultEndpointsProtocol=https;AccountName=aztfsademo20;AccountKey=4ZQwsLG1Zc1k7tPNVxyk7D0qCHqPuvdqHM2jXStDYq6RIq9qTfBTPffUV+LxwrfZ+fLriPlVdUYZ+AStqZHZiA==;EndpointSuffix=core.windows.net",
            "primary_dfs_endpoint": "https://aztfsademo20.dfs.core.windows.net/",
            "primary_dfs_host": "aztfsademo20.dfs.core.windows.net",
            "primary_file_endpoint": "https://aztfsademo20.file.core.windows.net/",
            "primary_file_host": "aztfsademo20.file.core.windows.net",
            "primary_location": "eastus",
            "primary_queue_endpoint": "https://aztfsademo20.queue.core.windows.net/",
            "primary_queue_host": "aztfsademo20.queue.core.windows.net",
            "primary_table_endpoint": "https://aztfsademo20.table.core.windows.net/",
            "primary_table_host": "aztfsademo20.table.core.windows.net",
            "primary_web_endpoint": "https://aztfsademo20.z13.web.core.windows.net/",
            "primary_web_host": "aztfsademo20.z13.web.core.windows.net",
            "queue_encryption_key_type": "Service",
            "queue_properties": [
              {
                "cors_rule": [],
                "hour_metrics": [
                  {
                    "enabled": true,
                    "include_apis": true,
                    "retention_policy_days": 7,
                    "version": "1.0"
                  }
                ],
                "logging": [
                  {
                    "delete": false,
                    "read": false,
                    "retention_policy_days": 0,
                    "version": "1.0",
                    "write": false
                  }
                ],
                "minute_metrics": [
                  {
                    "enabled": false,
                    "include_apis": false,
                    "retention_policy_days": 0,
                    "version": "1.0"
                  }
                ]
              }
            ],
            "resource_group_name": "az-tf-demo20",
            "routing": [],
            "secondary_access_key": "8gm09U844pbp2b6ROhRG89mH1zgbIDEoyc8ks5dcsQiYJm6ymkIcO4O8Snr+70CeqTWqe7i69oDw+AStMCE79A==",
            "secondary_blob_connection_string": "",
            "secondary_blob_endpoint": null,
            "secondary_blob_host": null,
            "secondary_connection_string": "DefaultEndpointsProtocol=https;AccountName=aztfsademo20;AccountKey=8gm09U844pbp2b6ROhRG89mH1zgbIDEoyc8ks5dcsQiYJm6ymkIcO4O8Snr+70CeqTWqe7i69oDw+AStMCE79A==;EndpointSuffix=core.windows.net",
            "secondary_dfs_endpoint": null,
            "secondary_dfs_host": null,
            "secondary_file_endpoint": null,
            "secondary_file_host": null,
            "secondary_location": "",
            "secondary_queue_endpoint": null,
            "secondary_queue_host": null,
            "secondary_table_endpoint": null,
            "secondary_table_host": null,
            "secondary_web_endpoint": null,
            "secondary_web_host": null,
            "share_properties": [
              {
                "cors_rule": [],
                "retention_policy": [
                  {
                    "days": 7
                  }
                ],
                "smb": []
              }
            ],
            "shared_access_key_enabled": true,
            "static_website": [],
            "table_encryption_key_type": "Service",
            "tags": {
              "environment": "production",
              "owner": "anshul_soni",
              "project": "az_tf_df"
            },
            "timeouts": null
          },
          "sensitive_attributes": [],
          "private": "eyJlMmJmYjczMC1lY2FhLTExZTYtOGY4OC0zNDM2M2JjN2M0YzAiOnsiY3JlYXRlIjozNjAwMDAwMDAwMDAwLCJkZWxldGUiOjM2MDAwMDAwMDAwMDAsInJlYWQiOjMwMDAwMDAwMDAwMCwidXBkYXRlIjozNjAwMDAwMDAwMDAwfSwic2NoZW1hX3ZlcnNpb24iOiIzIn0=",
          "dependencies": [
            "azurerm_resource_group.az-tf-demo",
            "azurerm_subnet.az-tf-sn-demo",
            "azurerm_virtual_network.az-tf-vn-demo"
          ]
        }
      ]
    },
    {
      "mode": "managed",
      "type": "azurerm_subnet",
      "name": "az-tf-sn-demo",
      "provider": "provider[\"registry.terraform.io/hashicorp/azurerm\"]",
      "instances": [
        {
          "schema_version": 0,
          "attributes": {
            "address_prefixes": [
              "10.0.2.0/24"
            ],
            "delegation": [],
            "enforce_private_link_endpoint_network_policies": false,
            "enforce_private_link_service_network_policies": false,
            "id": "/subscriptions/15f1aaf3-10c8-43f5-931b-28a1f3232bbb/resourceGroups/az-tf-demo20/providers/Microsoft.Network/virtualNetworks/az-tf-vn-demo20/subnets/az-tf-sn-demo20",
            "name": "az-tf-sn-demo20",
            "resource_group_name": "az-tf-demo20",
            "service_endpoint_policy_ids": null,
            "service_endpoints": [
              "Microsoft.Sql",
              "Microsoft.Storage"
            ],
            "timeouts": null,
            "virtual_network_name": "az-tf-vn-demo20"
          },
          "sensitive_attributes": [],
          "private": "eyJlMmJmYjczMC1lY2FhLTExZTYtOGY4OC0zNDM2M2JjN2M0YzAiOnsiY3JlYXRlIjoxODAwMDAwMDAwMDAwLCJkZWxldGUiOjE4MDAwMDAwMDAwMDAsInJlYWQiOjMwMDAwMDAwMDAwMCwidXBkYXRlIjoxODAwMDAwMDAwMDAwfX0=",
          "dependencies": [
            "azurerm_resource_group.az-tf-demo",
            "azurerm_virtual_network.az-tf-vn-demo"
          ]
        }
      ]
    },
    {
      "mode": "managed",
      "type": "azurerm_virtual_network",
      "name": "az-tf-vn-demo",
      "provider": "provider[\"registry.terraform.io/hashicorp/azurerm\"]",
      "instances": [
        {
          "schema_version": 0,
          "attributes": {
            "address_space": [
              "10.0.0.0/16"
            ],
            "bgp_community": "",
            "ddos_protection_plan": [],
            "dns_servers": [
              "10.0.0.4",
              "10.0.0.5"
            ],
            "edge_zone": "",
            "flow_timeout_in_minutes": 0,
            "guid": "6afff989-1e43-4f7e-bab0-2ad750cbad4d",
            "id": "/subscriptions/15f1aaf3-10c8-43f5-931b-28a1f3232bbb/resourceGroups/az-tf-demo20/providers/Microsoft.Network/virtualNetworks/az-tf-vn-demo20",
            "location": "eastus",
            "name": "az-tf-vn-demo20",
            "resource_group_name": "az-tf-demo20",
            "subnet": [],
            "tags": {
              "environment": "production",
              "owner": "anshul_soni",
              "project": "az_tf_df"
            },
            "timeouts": null
          },
          "sensitive_attributes": [],
          "private": "eyJlMmJmYjczMC1lY2FhLTExZTYtOGY4OC0zNDM2M2JjN2M0YzAiOnsiY3JlYXRlIjoxODAwMDAwMDAwMDAwLCJkZWxldGUiOjE4MDAwMDAwMDAwMDAsInJlYWQiOjMwMDAwMDAwMDAwMCwidXBkYXRlIjoxODAwMDAwMDAwMDAwfX0=",
          "dependencies": [
            "azurerm_resource_group.az-tf-demo"
          ]
        }
      ]
    }
  ],
  "check_results": null
}
