{
  "version": 4,
  "terraform_version": "1.6.2",
  "serial": 5,
  "lineage": "7d8e89bb-8cc0-2c61-b2dc-03cba5d495fa",
  "outputs": {},
  "resources": [
    {
      "mode": "managed",
      "type": "azurerm_data_factory",
      "name": "az-tf-df-demo",
      "provider": "provider[\"registry.terraform.io/hashicorp/azurerm\"]",
      "instances": [
        {
          "schema_version": 2,
          "attributes": {
            "customer_managed_key_id": "",
            "customer_managed_key_identity_id": "",
            "github_configuration": [],
            "global_parameter": [],
            "id": "/subscriptions/15f1aaf3-10c8-43f5-931b-28a1f3232bbb/resourceGroups/az-tf-demo20/providers/Microsoft.DataFactory/factories/az-tf-df-demo20",
            "identity": [],
            "location": "eastus",
            "managed_virtual_network_enabled": false,
            "name": "az-tf-df-demo20",
            "public_network_enabled": true,
            "resource_group_name": "az-tf-demo20",
            "tags": {
              "environment": "Production"
            },
            "timeouts": null,
            "vsts_configuration": []
          },
          "sensitive_attributes": [],
          "private": "eyJlMmJmYjczMC1lY2FhLTExZTYtOGY4OC0zNDM2M2JjN2M0YzAiOnsiY3JlYXRlIjoxODAwMDAwMDAwMDAwLCJkZWxldGUiOjE4MDAwMDAwMDAwMDAsInJlYWQiOjMwMDAwMDAwMDAwMCwidXBkYXRlIjoxODAwMDAwMDAwMDAwfSwic2NoZW1hX3ZlcnNpb24iOiIyIn0=",
          "dependencies": [
            "azurerm_resource_group.az-tf-demo"
          ]
        }
      ]
    },
    {
      "mode": "managed",
      "type": "azurerm_network_security_group",
      "name": "az-tf-nsg-demo20",
      "provider": "provider[\"registry.terraform.io/hashicorp/azurerm\"]",
      "instances": [
        {
          "schema_version": 0,
          "attributes": {
            "id": "/subscriptions/15f1aaf3-10c8-43f5-931b-28a1f3232bbb/resourceGroups/az-tf-demo20/providers/Microsoft.Network/networkSecurityGroups/az-tf-nsg-demo20",
            "location": "eastus",
            "name": "az-tf-nsg-demo20",
            "resource_group_name": "az-tf-demo20",
            "security_rule": [],
            "tags": {
              "environment": "Production"
            },
            "timeouts": null
          },
          "sensitive_attributes": [],
          "private": "eyJlMmJmYjczMC1lY2FhLTExZTYtOGY4OC0zNDM2M2JjN2M0YzAiOnsiY3JlYXRlIjoxODAwMDAwMDAwMDAwLCJkZWxldGUiOjE4MDAwMDAwMDAwMDAsInJlYWQiOjMwMDAwMDAwMDAwMCwidXBkYXRlIjoxODAwMDAwMDAwMDAwfX0=",
          "dependencies": [
            "azurerm_resource_group.az-tf-demo"
          ]
        }
      ]
    },
    {
      "mode": "managed",
      "type": "azurerm_resource_group",
      "name": "az-tf-demo",
      "provider": "provider[\"registry.terraform.io/hashicorp/azurerm\"]",
      "instances": [
        {
          "schema_version": 0,
          "attributes": {
            "id": "/subscriptions/15f1aaf3-10c8-43f5-931b-28a1f3232bbb/resourceGroups/az-tf-demo20",
            "location": "eastus",
            "name": "az-tf-demo20",
            "tags": {
              "environment": "Production"
            },
            "timeouts": null
          },
          "sensitive_attributes": [],
          "private": "eyJlMmJmYjczMC1lY2FhLTExZTYtOGY4OC0zNDM2M2JjN2M0YzAiOnsiY3JlYXRlIjo1NDAwMDAwMDAwMDAwLCJkZWxldGUiOjU0MDAwMDAwMDAwMDAsInJlYWQiOjMwMDAwMDAwMDAwMCwidXBkYXRlIjo1NDAwMDAwMDAwMDAwfX0="
        }
      ]
    },
    {
      "mode": "managed",
      "type": "azurerm_virtual_network",
      "name": "az-tf-vn-demo20",
      "provider": "provider[\"registry.terraform.io/hashicorp/azurerm\"]",
      "instances": [
        {
          "schema_version": 0,
          "attributes": {
            "address_space": [
              "10.0.0.0/16"
            ],
            "bgp_community": "",
            "ddos_protection_plan": [],
            "dns_servers": [
              "10.0.0.4",
              "10.0.0.5"
            ],
            "edge_zone": "",
            "flow_timeout_in_minutes": 0,
            "guid": "5b6af2af-953e-4652-a6bb-5c5ebdef3212",
            "id": "/subscriptions/15f1aaf3-10c8-43f5-931b-28a1f3232bbb/resourceGroups/az-tf-demo20/providers/Microsoft.Network/virtualNetworks/az-tf-vn-demo20",
            "location": "eastus",
            "name": "az-tf-vn-demo20",
            "resource_group_name": "az-tf-demo20",
            "subnet": [
              {
                "address_prefix": "10.0.1.0/24",
                "id": "/subscriptions/15f1aaf3-10c8-43f5-931b-28a1f3232bbb/resourceGroups/az-tf-demo20/providers/Microsoft.Network/virtualNetworks/az-tf-vn-demo20/subnets/az-tf-subnet1",
                "name": "az-tf-subnet1",
                "security_group": ""
              },
              {
                "address_prefix": "10.0.2.0/24",
                "id": "/subscriptions/15f1aaf3-10c8-43f5-931b-28a1f3232bbb/resourceGroups/az-tf-demo20/providers/Microsoft.Network/virtualNetworks/az-tf-vn-demo20/subnets/az-tf-subnet2",
                "name": "az-tf-subnet2",
                "security_group": "/subscriptions/15f1aaf3-10c8-43f5-931b-28a1f3232bbb/resourceGroups/az-tf-demo20/providers/Microsoft.Network/networkSecurityGroups/az-tf-nsg-demo20"
              }
            ],
            "tags": {
              "environment": "Production"
            },
            "timeouts": null
          },
          "sensitive_attributes": [],
          "private": "eyJlMmJmYjczMC1lY2FhLTExZTYtOGY4OC0zNDM2M2JjN2M0YzAiOnsiY3JlYXRlIjoxODAwMDAwMDAwMDAwLCJkZWxldGUiOjE4MDAwMDAwMDAwMDAsInJlYWQiOjMwMDAwMDAwMDAwMCwidXBkYXRlIjoxODAwMDAwMDAwMDAwfX0=",
          "dependencies": [
            "azurerm_network_security_group.az-tf-nsg-demo20",
            "azurerm_resource_group.az-tf-demo"
          ]
        }
      ]
    }
  ],
  "check_results": null
}
